
Microsoft Visual Studio Solution File, Format Version 12.00
# Visual Studio Version 17
VisualStudioVersion = 17.9.34701.34
MinimumVisualStudioVersion = 10.0.40219.1
Project("{FAE04EC0-301F-11D3-BF4B-00C04F79EFBC}") = "TesseractWebApi", "TesseractWebApi.csproj", "{644D5775-CA90-47F3-A86C-E20D478B1D25}"
EndProject
Global
	GlobalSection(SolutionConfigurationPlatforms) = preSolution
		Debug|Any CPU = Debug|Any CPU
		Release|Any CPU = Release|Any CPU
	EndGlobalSection
	GlobalSection(ProjectConfigurationPlatforms) = postSolution
		{644D5775-CA90-47F3-A86C-E20D478B1D25}.Debug|Any CPU.ActiveCfg = Debug|Any CPU
		{644D5775-CA90-47F3-A86C-E20D478B1D25}.Debug|Any CPU.Build.0 = Debug|Any CPU
		{644D5775-CA90-47F3-A86C-E20D478B1D25}.Release|Any CPU.ActiveCfg = Release|Any CPU
		{644D5775-CA90-47F3-A86C-E20D478B1D25}.Release|Any CPU.Build.0 = Release|Any CPU
	EndGlobalSection
	GlobalSection(SolutionProperties) = preSolution
		HideSolutionNode = FALSE
	EndGlobalSection
	GlobalSection(ExtensibilityGlobals) = postSolution
		SolutionGuid = {2C14E30E-1521-470E-8296-42FC169F0457}
	EndGlobalSection
EndGlobal
